
Microsoft Visual Studio Solution File, Format Version 12.00
# Visual Studio Version 17
VisualStudioVersion = 17.9.34622.214
MinimumVisualStudioVersion = 10.0.40219.1
Project("{FAE04EC0-301F-11D3-BF4B-00C04F79EFBC}") = "SimphonyTestsSpecflow", "SimphonyTestsSpecflow\SimphonyTestsSpecflow.csproj", "{F5BEF8B6-FF65-4082-A066-9E2F9DB790E6}"
EndProject
Global
	GlobalSection(SolutionConfigurationPlatforms) = preSolution
		Debug|Any CPU = Debug|Any CPU
		Release|Any CPU = Release|Any CPU
	EndGlobalSection
	GlobalSection(ProjectConfigurationPlatforms) = postSolution
		{F5BEF8B6-FF65-4082-A066-9E2F9DB790E6}.Debug|Any CPU.ActiveCfg = Debug|Any CPU
		{F5BEF8B6-FF65-4082-A066-9E2F9DB790E6}.Debug|Any CPU.Build.0 = Debug|Any CPU
		{F5BEF8B6-FF65-4082-A066-9E2F9DB790E6}.Release|Any CPU.ActiveCfg = Release|Any CPU
		{F5BEF8B6-FF65-4082-A066-9E2F9DB790E6}.Release|Any CPU.Build.0 = Release|Any CPU
	EndGlobalSection
	GlobalSection(SolutionProperties) = preSolution
		HideSolutionNode = FALSE
	EndGlobalSection
	GlobalSection(ExtensibilityGlobals) = postSolution
		SolutionGuid = {57C8FE1A-8E1E-4589-B930-04BF51310A31}
	EndGlobalSection
EndGlobal
